// !$*UTF8*$!
{
	archiveVersion = 1;
	classes = {
	};
	objectVersion = 46;
	objects = {

/* Begin PBXBuildFile section */
		D90EA7161714B5970049C234 /* misc.txt in Resources */ = {isa = PBXBuildFile; fileRef = D90EA7151714B5970049C234 /* misc.txt */; };
		D90EA71C1714B7FE0049C234 /* Filter.mm in Sources */ = {isa = PBXBuildFile; fileRef = D90EA71B1714B7FE0049C234 /* Filter.mm */; };
		D9473D211719629C000BABE2 /* libGPUImage.a in Frameworks */ = {isa = PBXBuildFile; fileRef = D9473D1C1719619D000BABE2 /* libGPUImage.a */; };
		D9473D23171962C9000BABE2 /* OpenGLES.framework in Frameworks */ = {isa = PBXBuildFile; fileRef = D9473D22171962C9000BABE2 /* OpenGLES.framework */; };
		D9725C8A17108C060083290D /* UIKit.framework in Frameworks */ = {isa = PBXBuildFile; fileRef = D9725C8917108C060083290D /* UIKit.framework */; };
		D9725C8C17108C060083290D /* Foundation.framework in Frameworks */ = {isa = PBXBuildFile; fileRef = D9725C8B17108C060083290D /* Foundation.framework */; };
		D9725C8E17108C060083290D /* CoreGraphics.framework in Frameworks */ = {isa = PBXBuildFile; fileRef = D9725C8D17108C060083290D /* CoreGraphics.framework */; };
		D9725C9417108C060083290D /* InfoPlist.strings in Resources */ = {isa = PBXBuildFile; fileRef = D9725C9217108C060083290D /* InfoPlist.strings */; };
		D9725C9617108C060083290D /* main.mm in Sources */ = {isa = PBXBuildFile; fileRef = D9725C9517108C060083290D /* main.mm */; };
		D9725C9A17108C060083290D /* AppDelegate.mm in Sources */ = {isa = PBXBuildFile; fileRef = D9725C9917108C060083290D /* AppDelegate.mm */; };
		D9725C9C17108C060083290D /* Default.png in Resources */ = {isa = PBXBuildFile; fileRef = D9725C9B17108C060083290D /* Default.png */; };
		D9725C9E17108C060083290D /* Default@2x.png in Resources */ = {isa = PBXBuildFile; fileRef = D9725C9D17108C060083290D /* Default@2x.png */; };
		D9725CA017108C060083290D /* Default-568h@2x.png in Resources */ = {isa = PBXBuildFile; fileRef = D9725C9F17108C060083290D /* Default-568h@2x.png */; };
		D9725CA317108C060083290D /* MainStoryboard.storyboard in Resources */ = {isa = PBXBuildFile; fileRef = D9725CA117108C060083290D /* MainStoryboard.storyboard */; };
		D9725CA617108C060083290D /* ViewController.mm in Sources */ = {isa = PBXBuildFile; fileRef = D9725CA517108C060083290D /* ViewController.mm */; };
		D9725CAD17108D3A0083290D /* AVFoundation.framework in Frameworks */ = {isa = PBXBuildFile; fileRef = D9725CAC17108D3A0083290D /* AVFoundation.framework */; };
		D9725CAF17108D4B0083290D /* ImageIO.framework in Frameworks */ = {isa = PBXBuildFile; fileRef = D9725CAE17108D4B0083290D /* ImageIO.framework */; };
		D9725CB117108D580083290D /* CoreVideo.framework in Frameworks */ = {isa = PBXBuildFile; fileRef = D9725CB017108D580083290D /* CoreVideo.framework */; };
		D9725CB317108D5D0083290D /* CoreMedia.framework in Frameworks */ = {isa = PBXBuildFile; fileRef = D9725CB217108D5D0083290D /* CoreMedia.framework */; };
		D9725CB517108D6E0083290D /* libz.dylib in Frameworks */ = {isa = PBXBuildFile; fileRef = D9725CB417108D6E0083290D /* libz.dylib */; };
		D9725CBF1710A4250083290D /* Accelerate.framework in Frameworks */ = {isa = PBXBuildFile; fileRef = D9725CBE1710A4250083290D /* Accelerate.framework */; };
		D9725CC11710A4310083290D /* AssetsLibrary.framework in Frameworks */ = {isa = PBXBuildFile; fileRef = D9725CC01710A4310083290D /* AssetsLibrary.framework */; };
		D9725CC31710A4450083290D /* CoreImage.framework in Frameworks */ = {isa = PBXBuildFile; fileRef = D9725CC21710A4450083290D /* CoreImage.framework */; };
		D9725CC51710A44F0083290D /* QuartzCore.framework in Frameworks */ = {isa = PBXBuildFile; fileRef = D9725CC41710A44F0083290D /* QuartzCore.framework */; };
		D9725CC91710A58A0083290D /* opencv2.framework in Frameworks */ = {isa = PBXBuildFile; fileRef = D9725CC81710A58A0083290D /* opencv2.framework */; };
		D978B6CD1711C9C300805433 /* FilterCell.mm in Sources */ = {isa = PBXBuildFile; fileRef = D978B6CC1711C9C300805433 /* FilterCell.mm */; };
		D978B6D01711CAD500805433 /* FilterCollectionController.mm in Sources */ = {isa = PBXBuildFile; fileRef = D978B6CF1711CAD500805433 /* FilterCollectionController.mm */; };
		D978B6D21711D0E000805433 /* flower.png in Resources */ = {isa = PBXBuildFile; fileRef = D978B6D11711D0E000805433 /* flower.png */; };
		D98F320A1719B959006EF1F5 /* lookup_amatorka.png in Resources */ = {isa = PBXBuildFile; fileRef = D98F32051719B959006EF1F5 /* lookup_amatorka.png */; };
		D98F320B1719B959006EF1F5 /* lookup_miss_etikate.png in Resources */ = {isa = PBXBuildFile; fileRef = D98F32061719B959006EF1F5 /* lookup_miss_etikate.png */; };
		D98F320C1719B959006EF1F5 /* lookup_soft_elegance_1.png in Resources */ = {isa = PBXBuildFile; fileRef = D98F32071719B959006EF1F5 /* lookup_soft_elegance_1.png */; };
		D98F320D1719B959006EF1F5 /* lookup_soft_elegance_2.png in Resources */ = {isa = PBXBuildFile; fileRef = D98F32081719B959006EF1F5 /* lookup_soft_elegance_2.png */; };
		D98F320E1719B959006EF1F5 /* lookup.png in Resources */ = {isa = PBXBuildFile; fileRef = D98F32091719B959006EF1F5 /* lookup.png */; };
		D9EAE0541719F38300741504 /* button-pause.png in Resources */ = {isa = PBXBuildFile; fileRef = D9EAE0501719F38300741504 /* button-pause.png */; };
		D9EAE0551719F38300741504 /* button-play.png in Resources */ = {isa = PBXBuildFile; fileRef = D9EAE0511719F38300741504 /* button-play.png */; };
		D9EAE0561719F38300741504 /* button-record.png in Resources */ = {isa = PBXBuildFile; fileRef = D9EAE0521719F38300741504 /* button-record.png */; };
		D9EAE0571719F38300741504 /* button-stop.png in Resources */ = {isa = PBXBuildFile; fileRef = D9EAE0531719F38300741504 /* button-stop.png */; };
/* End PBXBuildFile section */

/* Begin PBXContainerItemProxy section */
		D9473D1B1719619D000BABE2 /* PBXContainerItemProxy */ = {
			isa = PBXContainerItemProxy;
			containerPortal = D9473D151719619D000BABE2 /* GPUImage.xcodeproj */;
			proxyType = 2;
			remoteGlobalIDString = BCF1A33414DDB1EC00852800;
			remoteInfo = GPUImage;
		};
		D9473D1D1719619D000BABE2 /* PBXContainerItemProxy */ = {
			isa = PBXContainerItemProxy;
			containerPortal = D9473D151719619D000BABE2 /* GPUImage.xcodeproj */;
			proxyType = 2;
			remoteGlobalIDString = BCF1A34414DDB1EC00852800;
			remoteInfo = GPUImageTests;
		};
		D9473D1F171961E8000BABE2 /* PBXContainerItemProxy */ = {
			isa = PBXContainerItemProxy;
			containerPortal = D9473D151719619D000BABE2 /* GPUImage.xcodeproj */;
			proxyType = 1;
			remoteGlobalIDString = BCF1A33314DDB1EC00852800;
			remoteInfo = GPUImage;
		};
/* End PBXContainerItemProxy section */

/* Begin PBXFileReference section */
		D90EA7151714B5970049C234 /* misc.txt */ = {isa = PBXFileReference; fileEncoding = 4; lastKnownFileType = text; path = misc.txt; sourceTree = "<group>"; };
		D90EA71A1714B7FE0049C234 /* Filter.h */ = {isa = PBXFileReference; fileEncoding = 4; lastKnownFileType = sourcecode.c.h; path = Filter.h; sourceTree = "<group>"; };
		D90EA71B1714B7FE0049C234 /* Filter.mm */ = {isa = PBXFileReference; fileEncoding = 4; lastKnownFileType = sourcecode.cpp.objcpp; path = Filter.mm; sourceTree = "<group>"; };
		D9473D151719619D000BABE2 /* GPUImage.xcodeproj */ = {isa = PBXFileReference; lastKnownFileType = "wrapper.pb-project"; name = GPUImage.xcodeproj; path = ../GPUImage/framework/GPUImage.xcodeproj; sourceTree = "<group>"; };
		D9473D22171962C9000BABE2 /* OpenGLES.framework */ = {isa = PBXFileReference; lastKnownFileType = wrapper.framework; name = OpenGLES.framework; path = System/Library/Frameworks/OpenGLES.framework; sourceTree = SDKROOT; };
		D9725C8617108C060083290D /* GeekOut.app */ = {isa = PBXFileReference; explicitFileType = wrapper.application; includeInIndex = 0; path = GeekOut.app; sourceTree = BUILT_PRODUCTS_DIR; };
		D9725C8917108C060083290D /* UIKit.framework */ = {isa = PBXFileReference; lastKnownFileType = wrapper.framework; name = UIKit.framework; path = System/Library/Frameworks/UIKit.framework; sourceTree = SDKROOT; };
		D9725C8B17108C060083290D /* Foundation.framework */ = {isa = PBXFileReference; lastKnownFileType = wrapper.framework; name = Foundation.framework; path = System/Library/Frameworks/Foundation.framework; sourceTree = SDKROOT; };
		D9725C8D17108C060083290D /* CoreGraphics.framework */ = {isa = PBXFileReference; lastKnownFileType = wrapper.framework; name = CoreGraphics.framework; path = System/Library/Frameworks/CoreGraphics.framework; sourceTree = SDKROOT; };
		D9725C9117108C060083290D /* GeekOut-Info.plist */ = {isa = PBXFileReference; lastKnownFileType = text.plist.xml; path = "GeekOut-Info.plist"; sourceTree = "<group>"; };
		D9725C9317108C060083290D /* en */ = {isa = PBXFileReference; lastKnownFileType = text.plist.strings; name = en; path = en.lproj/InfoPlist.strings; sourceTree = "<group>"; };
		D9725C9517108C060083290D /* main.mm */ = {isa = PBXFileReference; lastKnownFileType = sourcecode.cpp.objcpp; path = main.mm; sourceTree = "<group>"; };
		D9725C9717108C060083290D /* GeekOut-Prefix.pch */ = {isa = PBXFileReference; lastKnownFileType = sourcecode.c.h; path = "GeekOut-Prefix.pch"; sourceTree = "<group>"; };
		D9725C9817108C060083290D /* AppDelegate.h */ = {isa = PBXFileReference; lastKnownFileType = sourcecode.c.h; path = AppDelegate.h; sourceTree = "<group>"; };
		D9725C9917108C060083290D /* AppDelegate.mm */ = {isa = PBXFileReference; lastKnownFileType = sourcecode.cpp.objcpp; path = AppDelegate.mm; sourceTree = "<group>"; };
		D9725C9B17108C060083290D /* Default.png */ = {isa = PBXFileReference; lastKnownFileType = image.png; path = Default.png; sourceTree = "<group>"; };
		D9725C9D17108C060083290D /* Default@2x.png */ = {isa = PBXFileReference; lastKnownFileType = image.png; path = "Default@2x.png"; sourceTree = "<group>"; };
		D9725C9F17108C060083290D /* Default-568h@2x.png */ = {isa = PBXFileReference; lastKnownFileType = image.png; path = "Default-568h@2x.png"; sourceTree = "<group>"; };
		D9725CA217108C060083290D /* en */ = {isa = PBXFileReference; lastKnownFileType = file.storyboard; name = en; path = en.lproj/MainStoryboard.storyboard; sourceTree = "<group>"; };
		D9725CA417108C060083290D /* ViewController.h */ = {isa = PBXFileReference; lastKnownFileType = sourcecode.c.h; path = ViewController.h; sourceTree = "<group>"; };
		D9725CA517108C060083290D /* ViewController.mm */ = {isa = PBXFileReference; lastKnownFileType = sourcecode.cpp.objcpp; path = ViewController.mm; sourceTree = "<group>"; };
		D9725CAC17108D3A0083290D /* AVFoundation.framework */ = {isa = PBXFileReference; lastKnownFileType = wrapper.framework; name = AVFoundation.framework; path = System/Library/Frameworks/AVFoundation.framework; sourceTree = SDKROOT; };
		D9725CAE17108D4B0083290D /* ImageIO.framework */ = {isa = PBXFileReference; lastKnownFileType = wrapper.framework; name = ImageIO.framework; path = System/Library/Frameworks/ImageIO.framework; sourceTree = SDKROOT; };
		D9725CB017108D580083290D /* CoreVideo.framework */ = {isa = PBXFileReference; lastKnownFileType = wrapper.framework; name = CoreVideo.framework; path = System/Library/Frameworks/CoreVideo.framework; sourceTree = SDKROOT; };
		D9725CB217108D5D0083290D /* CoreMedia.framework */ = {isa = PBXFileReference; lastKnownFileType = wrapper.framework; name = CoreMedia.framework; path = System/Library/Frameworks/CoreMedia.framework; sourceTree = SDKROOT; };
		D9725CB417108D6E0083290D /* libz.dylib */ = {isa = PBXFileReference; lastKnownFileType = "compiled.mach-o.dylib"; name = libz.dylib; path = usr/lib/libz.dylib; sourceTree = SDKROOT; };
		D9725CBE1710A4250083290D /* Accelerate.framework */ = {isa = PBXFileReference; lastKnownFileType = wrapper.framework; name = Accelerate.framework; path = System/Library/Frameworks/Accelerate.framework; sourceTree = SDKROOT; };
		D9725CC01710A4310083290D /* AssetsLibrary.framework */ = {isa = PBXFileReference; lastKnownFileType = wrapper.framework; name = AssetsLibrary.framework; path = System/Library/Frameworks/AssetsLibrary.framework; sourceTree = SDKROOT; };
		D9725CC21710A4450083290D /* CoreImage.framework */ = {isa = PBXFileReference; lastKnownFileType = wrapper.framework; name = CoreImage.framework; path = System/Library/Frameworks/CoreImage.framework; sourceTree = SDKROOT; };
		D9725CC41710A44F0083290D /* QuartzCore.framework */ = {isa = PBXFileReference; lastKnownFileType = wrapper.framework; name = QuartzCore.framework; path = System/Library/Frameworks/QuartzCore.framework; sourceTree = SDKROOT; };
		D9725CC81710A58A0083290D /* opencv2.framework */ = {isa = PBXFileReference; lastKnownFileType = wrapper.framework; name = opencv2.framework; path = "../OpenCV-iOS/opencv2.framework"; sourceTree = "<group>"; };
		D978B6CB1711C9C300805433 /* FilterCell.h */ = {isa = PBXFileReference; fileEncoding = 4; lastKnownFileType = sourcecode.c.h; path = FilterCell.h; sourceTree = "<group>"; };
		D978B6CC1711C9C300805433 /* FilterCell.mm */ = {isa = PBXFileReference; fileEncoding = 4; lastKnownFileType = sourcecode.cpp.objcpp; path = FilterCell.mm; sourceTree = "<group>"; };
		D978B6CE1711CAD500805433 /* FilterCollectionController.h */ = {isa = PBXFileReference; fileEncoding = 4; lastKnownFileType = sourcecode.c.h; path = FilterCollectionController.h; sourceTree = "<group>"; };
		D978B6CF1711CAD500805433 /* FilterCollectionController.mm */ = {isa = PBXFileReference; fileEncoding = 4; lastKnownFileType = sourcecode.cpp.objcpp; path = FilterCollectionController.mm; sourceTree = "<group>"; };
		D978B6D11711D0E000805433 /* flower.png */ = {isa = PBXFileReference; lastKnownFileType = image.png; path = flower.png; sourceTree = "<group>"; };
		D98F32051719B959006EF1F5 /* lookup_amatorka.png */ = {isa = PBXFileReference; lastKnownFileType = image.png; name = lookup_amatorka.png; path = ../../GPUImage/framework/Resources/lookup_amatorka.png; sourceTree = "<group>"; };
		D98F32061719B959006EF1F5 /* lookup_miss_etikate.png */ = {isa = PBXFileReference; lastKnownFileType = image.png; name = lookup_miss_etikate.png; path = ../../GPUImage/framework/Resources/lookup_miss_etikate.png; sourceTree = "<group>"; };
		D98F32071719B959006EF1F5 /* lookup_soft_elegance_1.png */ = {isa = PBXFileReference; lastKnownFileType = image.png; name = lookup_soft_elegance_1.png; path = ../../GPUImage/framework/Resources/lookup_soft_elegance_1.png; sourceTree = "<group>"; };
		D98F32081719B959006EF1F5 /* lookup_soft_elegance_2.png */ = {isa = PBXFileReference; lastKnownFileType = image.png; name = lookup_soft_elegance_2.png; path = ../../GPUImage/framework/Resources/lookup_soft_elegance_2.png; sourceTree = "<group>"; };
		D98F32091719B959006EF1F5 /* lookup.png */ = {isa = PBXFileReference; lastKnownFileType = image.png; name = lookup.png; path = ../../GPUImage/framework/Resources/lookup.png; sourceTree = "<group>"; };
		D9EAE0501719F38300741504 /* button-pause.png */ = {isa = PBXFileReference; lastKnownFileType = image.png; name = "button-pause.png"; path = "../../../Downloads/iconbeast-lite/iconbeast lite - png/button-pause.png"; sourceTree = "<group>"; };
		D9EAE0511719F38300741504 /* button-play.png */ = {isa = PBXFileReference; lastKnownFileType = image.png; name = "button-play.png"; path = "../../../Downloads/iconbeast-lite/iconbeast lite - png/button-play.png"; sourceTree = "<group>"; };
		D9EAE0521719F38300741504 /* button-record.png */ = {isa = PBXFileReference; lastKnownFileType = image.png; name = "button-record.png"; path = "../../../Downloads/iconbeast-lite/iconbeast lite - png/button-record.png"; sourceTree = "<group>"; };
		D9EAE0531719F38300741504 /* button-stop.png */ = {isa = PBXFileReference; lastKnownFileType = image.png; name = "button-stop.png"; path = "../../../Downloads/iconbeast-lite/iconbeast lite - png/button-stop.png"; sourceTree = "<group>"; };
/* End PBXFileReference section */

/* Begin PBXFrameworksBuildPhase section */
		D9725C8317108C060083290D /* Frameworks */ = {
			isa = PBXFrameworksBuildPhase;
			buildActionMask = 2147483647;
			files = (
				D9473D23171962C9000BABE2 /* OpenGLES.framework in Frameworks */,
				D9725CC91710A58A0083290D /* opencv2.framework in Frameworks */,
				D9725CC51710A44F0083290D /* QuartzCore.framework in Frameworks */,
				D9725CC31710A4450083290D /* CoreImage.framework in Frameworks */,
				D9725CC11710A4310083290D /* AssetsLibrary.framework in Frameworks */,
				D9725CBF1710A4250083290D /* Accelerate.framework in Frameworks */,
				D9725CB517108D6E0083290D /* libz.dylib in Frameworks */,
				D9725CB317108D5D0083290D /* CoreMedia.framework in Frameworks */,
				D9725CB117108D580083290D /* CoreVideo.framework in Frameworks */,
				D9725CAF17108D4B0083290D /* ImageIO.framework in Frameworks */,
				D9725CAD17108D3A0083290D /* AVFoundation.framework in Frameworks */,
				D9725C8A17108C060083290D /* UIKit.framework in Frameworks */,
				D9725C8C17108C060083290D /* Foundation.framework in Frameworks */,
				D9725C8E17108C060083290D /* CoreGraphics.framework in Frameworks */,
				D9473D211719629C000BABE2 /* libGPUImage.a in Frameworks */,
			);
			runOnlyForDeploymentPostprocessing = 0;
		};
/* End PBXFrameworksBuildPhase section */

/* Begin PBXGroup section */
		D9473D161719619D000BABE2 /* Products */ = {
			isa = PBXGroup;
			children = (
				D9473D1C1719619D000BABE2 /* libGPUImage.a */,
				D9473D1E1719619D000BABE2 /* GPUImageTests.octest */,
			);
			name = Products;
			sourceTree = "<group>";
		};
		D9725C7D17108C060083290D = {
			isa = PBXGroup;
			children = (
				D9725C8F17108C060083290D /* GeekOut */,
				D9725C8817108C060083290D /* Frameworks */,
				D9725C8717108C060083290D /* Products */,
			);
			sourceTree = "<group>";
		};
		D9725C8717108C060083290D /* Products */ = {
			isa = PBXGroup;
			children = (
				D9725C8617108C060083290D /* GeekOut.app */,
			);
			name = Products;
			sourceTree = "<group>";
		};
		D9725C8817108C060083290D /* Frameworks */ = {
			isa = PBXGroup;
			children = (
				D9473D151719619D000BABE2 /* GPUImage.xcodeproj */,
				D9725CC81710A58A0083290D /* opencv2.framework */,
				D9725CC41710A44F0083290D /* QuartzCore.framework */,
				D9725CC21710A4450083290D /* CoreImage.framework */,
				D9725CC01710A4310083290D /* AssetsLibrary.framework */,
				D9725CBE1710A4250083290D /* Accelerate.framework */,
				D9725CB417108D6E0083290D /* libz.dylib */,
				D9473D22171962C9000BABE2 /* OpenGLES.framework */,
				D9725CB217108D5D0083290D /* CoreMedia.framework */,
				D9725CB017108D580083290D /* CoreVideo.framework */,
				D9725CAE17108D4B0083290D /* ImageIO.framework */,
				D9725CAC17108D3A0083290D /* AVFoundation.framework */,
				D9725C8917108C060083290D /* UIKit.framework */,
				D9725C8B17108C060083290D /* Foundation.framework */,
				D9725C8D17108C060083290D /* CoreGraphics.framework */,
			);
			name = Frameworks;
			sourceTree = "<group>";
		};
		D9725C8F17108C060083290D /* GeekOut */ = {
			isa = PBXGroup;
			children = (
				D978B6D11711D0E000805433 /* flower.png */,
				D9725C9817108C060083290D /* AppDelegate.h */,
				D9725C9917108C060083290D /* AppDelegate.mm */,
				D9725CA117108C060083290D /* MainStoryboard.storyboard */,
				D9725CA417108C060083290D /* ViewController.h */,
				D9725CA517108C060083290D /* ViewController.mm */,
				D978B6CB1711C9C300805433 /* FilterCell.h */,
				D978B6CC1711C9C300805433 /* FilterCell.mm */,
				D978B6CE1711CAD500805433 /* FilterCollectionController.h */,
				D978B6CF1711CAD500805433 /* FilterCollectionController.mm */,
				D90EA7151714B5970049C234 /* misc.txt */,
				D90EA71A1714B7FE0049C234 /* Filter.h */,
				D90EA71B1714B7FE0049C234 /* Filter.mm */,
				D9725C9017108C060083290D /* Supporting Files */,
			);
			path = GeekOut;
			sourceTree = "<group>";
		};
		D9725C9017108C060083290D /* Supporting Files */ = {
			isa = PBXGroup;
			children = (
				D9EAE0501719F38300741504 /* button-pause.png */,
				D9EAE0511719F38300741504 /* button-play.png */,
				D9EAE0521719F38300741504 /* button-record.png */,
				D9EAE0531719F38300741504 /* button-stop.png */,
				D98F32051719B959006EF1F5 /* lookup_amatorka.png */,
				D98F32061719B959006EF1F5 /* lookup_miss_etikate.png */,
				D98F32071719B959006EF1F5 /* lookup_soft_elegance_1.png */,
				D98F32081719B959006EF1F5 /* lookup_soft_elegance_2.png */,
				D98F32091719B959006EF1F5 /* lookup.png */,
				D9725C9117108C060083290D /* GeekOut-Info.plist */,
				D9725C9217108C060083290D /* InfoPlist.strings */,
				D9725C9517108C060083290D /* main.mm */,
				D9725C9717108C060083290D /* GeekOut-Prefix.pch */,
				D9725C9B17108C060083290D /* Default.png */,
				D9725C9D17108C060083290D /* Default@2x.png */,
				D9725C9F17108C060083290D /* Default-568h@2x.png */,
			);
			name = "Supporting Files";
			sourceTree = "<group>";
		};
/* End PBXGroup section */

/* Begin PBXNativeTarget section */
		D9725C8517108C060083290D /* GeekOut */ = {
			isa = PBXNativeTarget;
			buildConfigurationList = D9725CA917108C060083290D /* Build configuration list for PBXNativeTarget "GeekOut" */;
			buildPhases = (
				D9725C8217108C060083290D /* Sources */,
				D9725C8317108C060083290D /* Frameworks */,
				D9725C8417108C060083290D /* Resources */,
			);
			buildRules = (
			);
			dependencies = (
				D9473D20171961E8000BABE2 /* PBXTargetDependency */,
			);
			name = GeekOut;
			productName = GeekOut;
			productReference = D9725C8617108C060083290D /* GeekOut.app */;
			productType = "com.apple.product-type.application";
		};
/* End PBXNativeTarget section */

/* Begin PBXProject section */
		D9725C7E17108C060083290D /* Project object */ = {
			isa = PBXProject;
			attributes = {
				LastUpgradeCheck = 0460;
				ORGANIZATIONNAME = "Richard Knop";
			};
			buildConfigurationList = D9725C8117108C060083290D /* Build configuration list for PBXProject "GeekOut" */;
			compatibilityVersion = "Xcode 3.2";
			developmentRegion = English;
			hasScannedForEncodings = 0;
			knownRegions = (
				en,
			);
			mainGroup = D9725C7D17108C060083290D;
			productRefGroup = D9725C8717108C060083290D /* Products */;
			projectDirPath = "";
			projectReferences = (
				{
					ProductGroup = D9473D161719619D000BABE2 /* Products */;
					ProjectRef = D9473D151719619D000BABE2 /* GPUImage.xcodeproj */;
				},
			);
			projectRoot = "";
			targets = (
				D9725C8517108C060083290D /* GeekOut */,
			);
		};
/* End PBXProject section */

/* Begin PBXReferenceProxy section */
		D9473D1C1719619D000BABE2 /* libGPUImage.a */ = {
			isa = PBXReferenceProxy;
			fileType = archive.ar;
			path = libGPUImage.a;
			remoteRef = D9473D1B1719619D000BABE2 /* PBXContainerItemProxy */;
			sourceTree = BUILT_PRODUCTS_DIR;
		};
		D9473D1E1719619D000BABE2 /* GPUImageTests.octest */ = {
			isa = PBXReferenceProxy;
			fileType = wrapper.cfbundle;
			path = GPUImageTests.octest;
			remoteRef = D9473D1D1719619D000BABE2 /* PBXContainerItemProxy */;
			sourceTree = BUILT_PRODUCTS_DIR;
		};
/* End PBXReferenceProxy section */

/* Begin PBXResourcesBuildPhase section */
		D9725C8417108C060083290D /* Resources */ = {
			isa = PBXResourcesBuildPhase;
			buildActionMask = 2147483647;
			files = (
				D9725C9417108C060083290D /* InfoPlist.strings in Resources */,
				D9725C9C17108C060083290D /* Default.png in Resources */,
				D9725C9E17108C060083290D /* Default@2x.png in Resources */,
				D9725CA017108C060083290D /* Default-568h@2x.png in Resources */,
				D9725CA317108C060083290D /* MainStoryboard.storyboard in Resources */,
				D978B6D21711D0E000805433 /* flower.png in Resources */,
				D90EA7161714B5970049C234 /* misc.txt in Resources */,
				D98F320A1719B959006EF1F5 /* lookup_amatorka.png in Resources */,
				D98F320B1719B959006EF1F5 /* lookup_miss_etikate.png in Resources */,
				D98F320C1719B959006EF1F5 /* lookup_soft_elegance_1.png in Resources */,
				D98F320D1719B959006EF1F5 /* lookup_soft_elegance_2.png in Resources */,
				D98F320E1719B959006EF1F5 /* lookup.png in Resources */,
				D9EAE0541719F38300741504 /* button-pause.png in Resources */,
				D9EAE0551719F38300741504 /* button-play.png in Resources */,
				D9EAE0561719F38300741504 /* button-record.png in Resources */,
				D9EAE0571719F38300741504 /* button-stop.png in Resources */,
			);
			runOnlyForDeploymentPostprocessing = 0;
		};
/* End PBXResourcesBuildPhase section */

/* Begin PBXSourcesBuildPhase section */
		D9725C8217108C060083290D /* Sources */ = {
			isa = PBXSourcesBuildPhase;
			buildActionMask = 2147483647;
			files = (
				D9725C9617108C060083290D /* main.mm in Sources */,
				D9725C9A17108C060083290D /* AppDelegate.mm in Sources */,
				D9725CA617108C060083290D /* ViewController.mm in Sources */,
				D978B6CD1711C9C300805433 /* FilterCell.mm in Sources */,
				D978B6D01711CAD500805433 /* FilterCollectionController.mm in Sources */,
				D90EA71C1714B7FE0049C234 /* Filter.mm in Sources */,
			);
			runOnlyForDeploymentPostprocessing = 0;
		};
/* End PBXSourcesBuildPhase section */

/* Begin PBXTargetDependency section */
		D9473D20171961E8000BABE2 /* PBXTargetDependency */ = {
			isa = PBXTargetDependency;
			name = GPUImage;
			targetProxy = D9473D1F171961E8000BABE2 /* PBXContainerItemProxy */;
		};
/* End PBXTargetDependency section */

/* Begin PBXVariantGroup section */
		D9725C9217108C060083290D /* InfoPlist.strings */ = {
			isa = PBXVariantGroup;
			children = (
				D9725C9317108C060083290D /* en */,
			);
			name = InfoPlist.strings;
			sourceTree = "<group>";
		};
		D9725CA117108C060083290D /* MainStoryboard.storyboard */ = {
			isa = PBXVariantGroup;
			children = (
				D9725CA217108C060083290D /* en */,
			);
			name = MainStoryboard.storyboard;
			sourceTree = "<group>";
		};
/* End PBXVariantGroup section */

/* Begin XCBuildConfiguration section */
		D9725CA717108C060083290D /* Debug */ = {
			isa = XCBuildConfiguration;
			buildSettings = {
				ALWAYS_SEARCH_USER_PATHS = NO;
				CLANG_CXX_LANGUAGE_STANDARD = "gnu++0x";
				CLANG_CXX_LIBRARY = "libc++";
				CLANG_ENABLE_OBJC_ARC = YES;
				CLANG_WARN_CONSTANT_CONVERSION = YES;
				CLANG_WARN_EMPTY_BODY = YES;
				CLANG_WARN_ENUM_CONVERSION = YES;
				CLANG_WARN_INT_CONVERSION = YES;
				CLANG_WARN__DUPLICATE_METHOD_MATCH = YES;
				"CODE_SIGN_IDENTITY[sdk=iphoneos*]" = "iPhone Developer";
				COPY_PHASE_STRIP = NO;
				GCC_C_LANGUAGE_STANDARD = gnu99;
				GCC_DYNAMIC_NO_PIC = NO;
				GCC_OPTIMIZATION_LEVEL = 0;
				GCC_PREPROCESSOR_DEFINITIONS = (
					"DEBUG=1",
					"$(inherited)",
				);
				GCC_SYMBOLS_PRIVATE_EXTERN = NO;
				GCC_WARN_ABOUT_RETURN_TYPE = YES;
				GCC_WARN_UNINITIALIZED_AUTOS = YES;
				GCC_WARN_UNUSED_VARIABLE = YES;
				IPHONEOS_DEPLOYMENT_TARGET = 6.1;
				ONLY_ACTIVE_ARCH = YES;
				SDKROOT = iphoneos;
			};
			name = Debug;
		};
		D9725CA817108C060083290D /* Release */ = {
			isa = XCBuildConfiguration;
			buildSettings = {
				ALWAYS_SEARCH_USER_PATHS = NO;
				CLANG_CXX_LANGUAGE_STANDARD = "gnu++0x";
				CLANG_CXX_LIBRARY = "libc++";
				CLANG_ENABLE_OBJC_ARC = YES;
				CLANG_WARN_CONSTANT_CONVERSION = YES;
				CLANG_WARN_EMPTY_BODY = YES;
				CLANG_WARN_ENUM_CONVERSION = YES;
				CLANG_WARN_INT_CONVERSION = YES;
				CLANG_WARN__DUPLICATE_METHOD_MATCH = YES;
				"CODE_SIGN_IDENTITY[sdk=iphoneos*]" = "iPhone Developer";
				COPY_PHASE_STRIP = YES;
				GCC_C_LANGUAGE_STANDARD = gnu99;
				GCC_WARN_ABOUT_RETURN_TYPE = YES;
				GCC_WARN_UNINITIALIZED_AUTOS = YES;
				GCC_WARN_UNUSED_VARIABLE = YES;
				IPHONEOS_DEPLOYMENT_TARGET = 6.1;
				OTHER_CFLAGS = "-DNS_BLOCK_ASSERTIONS=1";
				SDKROOT = iphoneos;
				VALIDATE_PRODUCT = YES;
			};
			name = Release;
		};
		D9725CAA17108C060083290D /* Debug */ = {
			isa = XCBuildConfiguration;
			buildSettings = {
				CLANG_CXX_LANGUAGE_STANDARD = "compiler-default";
				CLANG_CXX_LIBRARY = "libc++";
				FRAMEWORK_SEARCH_PATHS = (
					"$(inherited)",
					"\"$(SRCROOT)/../OpenCV_ios_framework\"",
					"\"$(SRCROOT)/../OpenCV-iOS\"",
				);
				GCC_PRECOMPILE_PREFIX_HEADER = YES;
				GCC_PREFIX_HEADER = "GeekOut/GeekOut-Prefix.pch";
				HEADER_SEARCH_PATHS = "/Users/richardknop/Projects/OpenCV-iOS/opencv2.framework/Headers/";
				"HEADER_SEARCH_PATHS[arch=*]" = (
					"/Users/richardknop/Projects/OpenCV-iOS/opencv2.framework/Headers/",
					/Users/richardknop/Projects/GPUImage/framework/Source/,
				);
				INFOPLIST_FILE = "GeekOut/GeekOut-Info.plist";
				LIBRARY_SEARCH_PATHS = "";
				PRODUCT_NAME = "$(TARGET_NAME)";
				WRAPPER_EXTENSION = app;
			};
			name = Debug;
		};
		D9725CAB17108C060083290D /* Release */ = {
			isa = XCBuildConfiguration;
			buildSettings = {
				CLANG_CXX_LANGUAGE_STANDARD = "compiler-default";
				CLANG_CXX_LIBRARY = "libc++";
				FRAMEWORK_SEARCH_PATHS = (
					"$(inherited)",
					"\"$(SRCROOT)/../OpenCV_ios_framework\"",
					"\"$(SRCROOT)/../OpenCV-iOS\"",
				);
				GCC_PRECOMPILE_PREFIX_HEADER = YES;
				GCC_PREFIX_HEADER = "GeekOut/GeekOut-Prefix.pch";
				HEADER_SEARCH_PATHS = "/Users/richardknop/Projects/OpenCV-iOS/opencv2.framework/Headers/";
				"HEADER_SEARCH_PATHS[arch=*]" = (
					"/Users/richardknop/Projects/OpenCV-iOS/opencv2.framework/Headers/",
					/Users/richardknop/Projects/GPUImage/framework/Source/,
				);
				INFOPLIST_FILE = "GeekOut/GeekOut-Info.plist";
				LIBRARY_SEARCH_PATHS = "";
				PRODUCT_NAME = "$(TARGET_NAME)";
				WRAPPER_EXTENSION = app;
			};
			name = Release;
		};
/* End XCBuildConfiguration section */

/* Begin XCConfigurationList section */
		D9725C8117108C060083290D /* Build configuration list for PBXProject "GeekOut" */ = {
			isa = XCConfigurationList;
			buildConfigurations = (
				D9725CA717108C060083290D /* Debug */,
				D9725CA817108C060083290D /* Release */,
			);
			defaultConfigurationIsVisible = 0;
			defaultConfigurationName = Release;
		};
		D9725CA917108C060083290D /* Build configuration list for PBXNativeTarget "GeekOut" */ = {
			isa = XCConfigurationList;
			buildConfigurations = (
				D9725CAA17108C060083290D /* Debug */,
				D9725CAB17108C060083290D /* Release */,
			);
			defaultConfigurationIsVisible = 0;
			defaultConfigurationName = Release;
		};
/* End XCConfigurationList section */
	};
	rootObject = D9725C7E17108C060083290D /* Project object */;
}
